// !$*UTF8*$!
{
	archiveVersion = 1;
	classes = {
	};
	objectVersion = 48;
	objects = {

/* Begin PBXBuildFile section */
		7566BF7C1FB0019B002F5843 /* GLRotateView.m in Sources */ = {isa = PBXBuildFile; fileRef = 7566BF7B1FB0019B002F5843 /* GLRotateView.m */; };
		7566BF7F1FB0366D002F5843 /* GLLivePlayView.m in Sources */ = {isa = PBXBuildFile; fileRef = 7566BF7E1FB0366D002F5843 /* GLLivePlayView.m */; };
		7566BF841FB03851002F5843 /* UIView+Ryeagle.m in Sources */ = {isa = PBXBuildFile; fileRef = 7566BF831FB03851002F5843 /* UIView+Ryeagle.m */; };
		7566BF871FB040E3002F5843 /* GLPlayControlView.m in Sources */ = {isa = PBXBuildFile; fileRef = 7566BF861FB040E3002F5843 /* GLPlayControlView.m */; };
		7566BF8A1FB07D19002F5843 /* UIWindow+Ryeagle.m in Sources */ = {isa = PBXBuildFile; fileRef = 7566BF891FB07D19002F5843 /* UIWindow+Ryeagle.m */; };
		75B2A2C21FAEF23C001280D1 /* AppDelegate.m in Sources */ = {isa = PBXBuildFile; fileRef = 75B2A2C11FAEF23C001280D1 /* AppDelegate.m */; };
		75B2A2CA1FAEF23C001280D1 /* Assets.xcassets in Resources */ = {isa = PBXBuildFile; fileRef = 75B2A2C91FAEF23C001280D1 /* Assets.xcassets */; };
		75B2A2CD1FAEF23C001280D1 /* LaunchScreen.storyboard in Resources */ = {isa = PBXBuildFile; fileRef = 75B2A2CB1FAEF23C001280D1 /* LaunchScreen.storyboard */; };
		75B2A2D01FAEF23C001280D1 /* main.m in Sources */ = {isa = PBXBuildFile; fileRef = 75B2A2CF1FAEF23C001280D1 /* main.m */; };
		75C960EE1FAF014800EDB6D4 /* RYMainTabVC.m in Sources */ = {isa = PBXBuildFile; fileRef = 75C960ED1FAF014800EDB6D4 /* RYMainTabVC.m */; };
		75C960F11FAF023100EDB6D4 /* RYFirstViewController.m in Sources */ = {isa = PBXBuildFile; fileRef = 75C960F01FAF023100EDB6D4 /* RYFirstViewController.m */; };
		75C960F41FAF023C00EDB6D4 /* RYSecondViewController.m in Sources */ = {isa = PBXBuildFile; fileRef = 75C960F31FAF023C00EDB6D4 /* RYSecondViewController.m */; };
		75C960F71FAF024A00EDB6D4 /* RYThirdViewController.m in Sources */ = {isa = PBXBuildFile; fileRef = 75C960F61FAF024A00EDB6D4 /* RYThirdViewController.m */; };
		75C960FE1FAF09B000EDB6D4 /* RYLiveViewController.m in Sources */ = {isa = PBXBuildFile; fileRef = 75C960FD1FAF09B000EDB6D4 /* RYLiveViewController.m */; };
		75C961011FAF0A2000EDB6D4 /* RYLiveManager.m in Sources */ = {isa = PBXBuildFile; fileRef = 75C961001FAF0A2000EDB6D4 /* RYLiveManager.m */; };
		75C9610B1FAF0F4200EDB6D4 /* RYUserDefaultManager.m in Sources */ = {isa = PBXBuildFile; fileRef = 75C9610A1FAF0F4200EDB6D4 /* RYUserDefaultManager.m */; };
		75C961101FAF3C4D00EDB6D4 /* GLUserDefaultManager.m in Sources */ = {isa = PBXBuildFile; fileRef = 75C9610F1FAF3C4D00EDB6D4 /* GLUserDefaultManager.m */; };
		9645EAB40960CF4941775F10 /* Pods_globalLive.framework in Frameworks */ = {isa = PBXBuildFile; fileRef = 8AC5F65FD3BEE0BB25293B8E /* Pods_globalLive.framework */; };
/* End PBXBuildFile section */

/* Begin PBXFileReference section */
		7566BF7A1FB0019B002F5843 /* GLRotateView.h */ = {isa = PBXFileReference; lastKnownFileType = sourcecode.c.h; path = GLRotateView.h; sourceTree = "<group>"; };
		7566BF7B1FB0019B002F5843 /* GLRotateView.m */ = {isa = PBXFileReference; lastKnownFileType = sourcecode.c.objc; path = GLRotateView.m; sourceTree = "<group>"; };
		7566BF7D1FB0366D002F5843 /* GLLivePlayView.h */ = {isa = PBXFileReference; lastKnownFileType = sourcecode.c.h; path = GLLivePlayView.h; sourceTree = "<group>"; };
		7566BF7E1FB0366D002F5843 /* GLLivePlayView.m */ = {isa = PBXFileReference; lastKnownFileType = sourcecode.c.objc; path = GLLivePlayView.m; sourceTree = "<group>"; };
		7566BF821FB03851002F5843 /* UIView+Ryeagle.h */ = {isa = PBXFileReference; lastKnownFileType = sourcecode.c.h; path = "UIView+Ryeagle.h"; sourceTree = "<group>"; };
		7566BF831FB03851002F5843 /* UIView+Ryeagle.m */ = {isa = PBXFileReference; lastKnownFileType = sourcecode.c.objc; path = "UIView+Ryeagle.m"; sourceTree = "<group>"; };
		7566BF851FB040E3002F5843 /* GLPlayControlView.h */ = {isa = PBXFileReference; lastKnownFileType = sourcecode.c.h; path = GLPlayControlView.h; sourceTree = "<group>"; };
		7566BF861FB040E3002F5843 /* GLPlayControlView.m */ = {isa = PBXFileReference; lastKnownFileType = sourcecode.c.objc; path = GLPlayControlView.m; sourceTree = "<group>"; };
		7566BF881FB07D19002F5843 /* UIWindow+Ryeagle.h */ = {isa = PBXFileReference; lastKnownFileType = sourcecode.c.h; path = "UIWindow+Ryeagle.h"; sourceTree = "<group>"; };
		7566BF891FB07D19002F5843 /* UIWindow+Ryeagle.m */ = {isa = PBXFileReference; lastKnownFileType = sourcecode.c.objc; path = "UIWindow+Ryeagle.m"; sourceTree = "<group>"; };
		7566BF8B1FB07F46002F5843 /* GLFunctions.h */ = {isa = PBXFileReference; lastKnownFileType = sourcecode.c.h; path = GLFunctions.h; sourceTree = "<group>"; };
		75B2A2BD1FAEF23C001280D1 /* globalLive.app */ = {isa = PBXFileReference; explicitFileType = wrapper.application; includeInIndex = 0; path = globalLive.app; sourceTree = BUILT_PRODUCTS_DIR; };
		75B2A2C01FAEF23C001280D1 /* AppDelegate.h */ = {isa = PBXFileReference; lastKnownFileType = sourcecode.c.h; path = AppDelegate.h; sourceTree = "<group>"; };
		75B2A2C11FAEF23C001280D1 /* AppDelegate.m */ = {isa = PBXFileReference; lastKnownFileType = sourcecode.c.objc; path = AppDelegate.m; sourceTree = "<group>"; };
		75B2A2C91FAEF23C001280D1 /* Assets.xcassets */ = {isa = PBXFileReference; lastKnownFileType = folder.assetcatalog; path = Assets.xcassets; sourceTree = "<group>"; };
		75B2A2CC1FAEF23C001280D1 /* Base */ = {isa = PBXFileReference; lastKnownFileType = file.storyboard; name = Base; path = Base.lproj/LaunchScreen.storyboard; sourceTree = "<group>"; };
		75B2A2CE1FAEF23C001280D1 /* Info.plist */ = {isa = PBXFileReference; lastKnownFileType = text.plist.xml; path = Info.plist; sourceTree = "<group>"; };
		75B2A2CF1FAEF23C001280D1 /* main.m */ = {isa = PBXFileReference; lastKnownFileType = sourcecode.c.objc; path = main.m; sourceTree = "<group>"; };
		75C960EC1FAF014800EDB6D4 /* RYMainTabVC.h */ = {isa = PBXFileReference; lastKnownFileType = sourcecode.c.h; path = RYMainTabVC.h; sourceTree = "<group>"; };
		75C960ED1FAF014800EDB6D4 /* RYMainTabVC.m */ = {isa = PBXFileReference; lastKnownFileType = sourcecode.c.objc; path = RYMainTabVC.m; sourceTree = "<group>"; };
		75C960EF1FAF023100EDB6D4 /* RYFirstViewController.h */ = {isa = PBXFileReference; lastKnownFileType = sourcecode.c.h; path = RYFirstViewController.h; sourceTree = "<group>"; };
		75C960F01FAF023100EDB6D4 /* RYFirstViewController.m */ = {isa = PBXFileReference; lastKnownFileType = sourcecode.c.objc; path = RYFirstViewController.m; sourceTree = "<group>"; };
		75C960F21FAF023C00EDB6D4 /* RYSecondViewController.h */ = {isa = PBXFileReference; lastKnownFileType = sourcecode.c.h; path = RYSecondViewController.h; sourceTree = "<group>"; };
		75C960F31FAF023C00EDB6D4 /* RYSecondViewController.m */ = {isa = PBXFileReference; lastKnownFileType = sourcecode.c.objc; path = RYSecondViewController.m; sourceTree = "<group>"; };
		75C960F51FAF024A00EDB6D4 /* RYThirdViewController.h */ = {isa = PBXFileReference; lastKnownFileType = sourcecode.c.h; path = RYThirdViewController.h; sourceTree = "<group>"; };
		75C960F61FAF024A00EDB6D4 /* RYThirdViewController.m */ = {isa = PBXFileReference; lastKnownFileType = sourcecode.c.objc; path = RYThirdViewController.m; sourceTree = "<group>"; };
		75C960FC1FAF09B000EDB6D4 /* RYLiveViewController.h */ = {isa = PBXFileReference; lastKnownFileType = sourcecode.c.h; path = RYLiveViewController.h; sourceTree = "<group>"; };
		75C960FD1FAF09B000EDB6D4 /* RYLiveViewController.m */ = {isa = PBXFileReference; lastKnownFileType = sourcecode.c.objc; path = RYLiveViewController.m; sourceTree = "<group>"; };
		75C960FF1FAF0A2000EDB6D4 /* RYLiveManager.h */ = {isa = PBXFileReference; lastKnownFileType = sourcecode.c.h; path = RYLiveManager.h; sourceTree = "<group>"; };
		75C961001FAF0A2000EDB6D4 /* RYLiveManager.m */ = {isa = PBXFileReference; lastKnownFileType = sourcecode.c.objc; path = RYLiveManager.m; sourceTree = "<group>"; };
		75C961091FAF0F4200EDB6D4 /* RYUserDefaultManager.h */ = {isa = PBXFileReference; lastKnownFileType = sourcecode.c.h; path = RYUserDefaultManager.h; sourceTree = "<group>"; };
		75C9610A1FAF0F4200EDB6D4 /* RYUserDefaultManager.m */ = {isa = PBXFileReference; lastKnownFileType = sourcecode.c.objc; path = RYUserDefaultManager.m; sourceTree = "<group>"; };
		75C9610C1FAF3B7D00EDB6D4 /* RyeagleKit.h */ = {isa = PBXFileReference; lastKnownFileType = sourcecode.c.h; path = RyeagleKit.h; sourceTree = "<group>"; };
		75C9610D1FAF3BD800EDB6D4 /* globalLive.pch */ = {isa = PBXFileReference; lastKnownFileType = sourcecode.c.h; path = globalLive.pch; sourceTree = "<group>"; };
		75C9610E1FAF3C4D00EDB6D4 /* GLUserDefaultManager.h */ = {isa = PBXFileReference; lastKnownFileType = sourcecode.c.h; path = GLUserDefaultManager.h; sourceTree = "<group>"; };
		75C9610F1FAF3C4D00EDB6D4 /* GLUserDefaultManager.m */ = {isa = PBXFileReference; lastKnownFileType = sourcecode.c.objc; path = GLUserDefaultManager.m; sourceTree = "<group>"; };
		75C961131FAF3D0E00EDB6D4 /* RYMacro.h */ = {isa = PBXFileReference; lastKnownFileType = sourcecode.c.h; path = RYMacro.h; sourceTree = "<group>"; };
		75F833101FB3045A00830514 /* GLLiveProtocol.h */ = {isa = PBXFileReference; lastKnownFileType = sourcecode.c.h; path = GLLiveProtocol.h; sourceTree = "<group>"; };
		7FC5705F51C88C896D2ACA86 /* Pods-globalLive.release.xcconfig */ = {isa = PBXFileReference; includeInIndex = 1; lastKnownFileType = text.xcconfig; name = "Pods-globalLive.release.xcconfig"; path = "Pods/Target Support Files/Pods-globalLive/Pods-globalLive.release.xcconfig"; sourceTree = "<group>"; };
		8AC5F65FD3BEE0BB25293B8E /* Pods_globalLive.framework */ = {isa = PBXFileReference; explicitFileType = wrapper.framework; includeInIndex = 0; path = Pods_globalLive.framework; sourceTree = BUILT_PRODUCTS_DIR; };
		9E2E55E6614F2D6AE4EA6B47 /* Pods-globalLive.debug.xcconfig */ = {isa = PBXFileReference; includeInIndex = 1; lastKnownFileType = text.xcconfig; name = "Pods-globalLive.debug.xcconfig"; path = "Pods/Target Support Files/Pods-globalLive/Pods-globalLive.debug.xcconfig"; sourceTree = "<group>"; };
/* End PBXFileReference section */

/* Begin PBXFrameworksBuildPhase section */
		75B2A2BA1FAEF23C001280D1 /* Frameworks */ = {
			isa = PBXFrameworksBuildPhase;
			buildActionMask = 2147483647;
			files = (
				9645EAB40960CF4941775F10 /* Pods_globalLive.framework in Frameworks */,
			);
			runOnlyForDeploymentPostprocessing = 0;
		};
/* End PBXFrameworksBuildPhase section */

/* Begin PBXGroup section */
		70EFB84529AFE230675F761D /* Pods */ = {
			isa = PBXGroup;
			children = (
				9E2E55E6614F2D6AE4EA6B47 /* Pods-globalLive.debug.xcconfig */,
				7FC5705F51C88C896D2ACA86 /* Pods-globalLive.release.xcconfig */,
			);
			name = Pods;
			sourceTree = "<group>";
		};
		7566BF811FB0382B002F5843 /* Category */ = {
			isa = PBXGroup;
			children = (
				7566BF821FB03851002F5843 /* UIView+Ryeagle.h */,
				7566BF831FB03851002F5843 /* UIView+Ryeagle.m */,
				7566BF881FB07D19002F5843 /* UIWindow+Ryeagle.h */,
				7566BF891FB07D19002F5843 /* UIWindow+Ryeagle.m */,
			);
			path = Category;
			sourceTree = "<group>";
		};
		75B2A2B41FAEF23C001280D1 = {
			isa = PBXGroup;
			children = (
				75B2A2BF1FAEF23C001280D1 /* globalLive */,
				75B2A2BE1FAEF23C001280D1 /* Products */,
				70EFB84529AFE230675F761D /* Pods */,
				DFB97CDDA2EFC8B3F6A6827F /* Frameworks */,
			);
			sourceTree = "<group>";
		};
		75B2A2BE1FAEF23C001280D1 /* Products */ = {
			isa = PBXGroup;
			children = (
				75B2A2BD1FAEF23C001280D1 /* globalLive.app */,
			);
			name = Products;
			sourceTree = "<group>";
		};
		75B2A2BF1FAEF23C001280D1 /* globalLive */ = {
			isa = PBXGroup;
			children = (
				75B2A2D71FAEF8A6001280D1 /* GlobalLive */,
				75B2A2C01FAEF23C001280D1 /* AppDelegate.h */,
				75B2A2C11FAEF23C001280D1 /* AppDelegate.m */,
				75C9610D1FAF3BD800EDB6D4 /* globalLive.pch */,
				75B2A2C91FAEF23C001280D1 /* Assets.xcassets */,
				75B2A2CB1FAEF23C001280D1 /* LaunchScreen.storyboard */,
				75B2A2CE1FAEF23C001280D1 /* Info.plist */,
				75B2A2CF1FAEF23C001280D1 /* main.m */,
			);
			path = globalLive;
			sourceTree = "<group>";
		};
		75B2A2D71FAEF8A6001280D1 /* GlobalLive */ = {
			isa = PBXGroup;
			children = (
				75C961071FAF0E8900EDB6D4 /* RyeagleKit */,
				75B2A2D81FAEF8A6001280D1 /* Extand */,
				75B2A2DE1FAEF8A6001280D1 /* Functions */,
				75B2A2E21FAEF8A7001280D1 /* Vender */,
			);
			path = GlobalLive;
			sourceTree = "<group>";
		};
		75B2A2D81FAEF8A6001280D1 /* Extand */ = {
			isa = PBXGroup;
			children = (
				75B2A2D91FAEF8A6001280D1 /* Category */,
				75B2A2DA1FAEF8A6001280D1 /* Constants */,
				75B2A2DB1FAEF8A6001280D1 /* DataBase */,
				75B2A2DC1FAEF8A6001280D1 /* Network */,
				75B2A2DD1FAEF8A6001280D1 /* Utilities */,
			);
			path = Extand;
			sourceTree = "<group>";
		};
		75B2A2D91FAEF8A6001280D1 /* Category */ = {
			isa = PBXGroup;
			children = (
			);
			path = Category;
			sourceTree = "<group>";
		};
		75B2A2DA1FAEF8A6001280D1 /* Constants */ = {
			isa = PBXGroup;
			children = (
			);
			path = Constants;
			sourceTree = "<group>";
		};
		75B2A2DB1FAEF8A6001280D1 /* DataBase */ = {
			isa = PBXGroup;
			children = (
			);
			path = DataBase;
			sourceTree = "<group>";
		};
		75B2A2DC1FAEF8A6001280D1 /* Network */ = {
			isa = PBXGroup;
			children = (
			);
			path = Network;
			sourceTree = "<group>";
		};
		75B2A2DD1FAEF8A6001280D1 /* Utilities */ = {
			isa = PBXGroup;
			children = (
				75C9610E1FAF3C4D00EDB6D4 /* GLUserDefaultManager.h */,
				75C9610F1FAF3C4D00EDB6D4 /* GLUserDefaultManager.m */,
			);
			path = Utilities;
			sourceTree = "<group>";
		};
		75B2A2DE1FAEF8A6001280D1 /* Functions */ = {
			isa = PBXGroup;
			children = (
				7566BF8B1FB07F46002F5843 /* GLFunctions.h */,
				75C960F81FAF03C400EDB6D4 /* Live */,
				75B2A2E41FAEF8E6001280D1 /* Main */,
				75B2A2DF1FAEF8A6001280D1 /* FirstTab */,
				75B2A2E01FAEF8A6001280D1 /* SecondTab */,
				75B2A2E11FAEF8A6001280D1 /* ThirdTab */,
			);
			path = Functions;
			sourceTree = "<group>";
		};
		75B2A2DF1FAEF8A6001280D1 /* FirstTab */ = {
			isa = PBXGroup;
			children = (
				75C960EF1FAF023100EDB6D4 /* RYFirstViewController.h */,
				75C960F01FAF023100EDB6D4 /* RYFirstViewController.m */,
			);
			path = FirstTab;
			sourceTree = "<group>";
		};
		75B2A2E01FAEF8A6001280D1 /* SecondTab */ = {
			isa = PBXGroup;
			children = (
				75C960F21FAF023C00EDB6D4 /* RYSecondViewController.h */,
				75C960F31FAF023C00EDB6D4 /* RYSecondViewController.m */,
			);
			path = SecondTab;
			sourceTree = "<group>";
		};
		75B2A2E11FAEF8A6001280D1 /* ThirdTab */ = {
			isa = PBXGroup;
			children = (
				75C960F51FAF024A00EDB6D4 /* RYThirdViewController.h */,
				75C960F61FAF024A00EDB6D4 /* RYThirdViewController.m */,
			);
			path = ThirdTab;
			sourceTree = "<group>";
		};
		75B2A2E21FAEF8A7001280D1 /* Vender */ = {
			isa = PBXGroup;
			children = (
				75B2A2E31FAEF8A7001280D1 /* TXLiveSDK */,
			);
			path = Vender;
			sourceTree = "<group>";
		};
		75B2A2E31FAEF8A7001280D1 /* TXLiveSDK */ = {
			isa = PBXGroup;
			children = (
			);
			path = TXLiveSDK;
			sourceTree = "<group>";
		};
		75B2A2E41FAEF8E6001280D1 /* Main */ = {
			isa = PBXGroup;
			children = (
				75C960EC1FAF014800EDB6D4 /* RYMainTabVC.h */,
				75C960ED1FAF014800EDB6D4 /* RYMainTabVC.m */,
			);
			path = Main;
			sourceTree = "<group>";
		};
		75C960F81FAF03C400EDB6D4 /* Live */ = {
			isa = PBXGroup;
			children = (
				75F8330F1FB3043000830514 /* Protocol */,
				75C960F91FAF099E00EDB6D4 /* ViewControllers */,
				75C960FA1FAF099E00EDB6D4 /* Views */,
				75C960FB1FAF099E00EDB6D4 /* Mangaer */,
			);
			path = Live;
			sourceTree = "<group>";
		};
		75C960F91FAF099E00EDB6D4 /* ViewControllers */ = {
			isa = PBXGroup;
			children = (
				75C960FC1FAF09B000EDB6D4 /* RYLiveViewController.h */,
				75C960FD1FAF09B000EDB6D4 /* RYLiveViewController.m */,
			);
			path = ViewControllers;
			sourceTree = "<group>";
		};
		75C960FA1FAF099E00EDB6D4 /* Views */ = {
			isa = PBXGroup;
			children = (
				7566BF7A1FB0019B002F5843 /* GLRotateView.h */,
				7566BF7B1FB0019B002F5843 /* GLRotateView.m */,
				7566BF7D1FB0366D002F5843 /* GLLivePlayView.h */,
				7566BF7E1FB0366D002F5843 /* GLLivePlayView.m */,
				7566BF851FB040E3002F5843 /* GLPlayControlView.h */,
				7566BF861FB040E3002F5843 /* GLPlayControlView.m */,
			);
			path = Views;
			sourceTree = "<group>";
		};
		75C960FB1FAF099E00EDB6D4 /* Mangaer */ = {
			isa = PBXGroup;
			children = (
				75C960FF1FAF0A2000EDB6D4 /* RYLiveManager.h */,
				75C961001FAF0A2000EDB6D4 /* RYLiveManager.m */,
			);
			path = Mangaer;
			sourceTree = "<group>";
		};
		75C961071FAF0E8900EDB6D4 /* RyeagleKit */ = {
			isa = PBXGroup;
			children = (
				75C9610C1FAF3B7D00EDB6D4 /* RyeagleKit.h */,
				75C961131FAF3D0E00EDB6D4 /* RYMacro.h */,
				7566BF811FB0382B002F5843 /* Category */,
				75C961081FAF0ECE00EDB6D4 /* Assistants */,
			);
			path = RyeagleKit;
			sourceTree = "<group>";
		};
		75C961081FAF0ECE00EDB6D4 /* Assistants */ = {
			isa = PBXGroup;
			children = (
				75C961091FAF0F4200EDB6D4 /* RYUserDefaultManager.h */,
				75C9610A1FAF0F4200EDB6D4 /* RYUserDefaultManager.m */,
			);
			path = Assistants;
			sourceTree = "<group>";
		};
		75F8330F1FB3043000830514 /* Protocol */ = {
			isa = PBXGroup;
			children = (
				75F833101FB3045A00830514 /* GLLiveProtocol.h */,
			);
			path = Protocol;
			sourceTree = "<group>";
		};
		DFB97CDDA2EFC8B3F6A6827F /* Frameworks */ = {
			isa = PBXGroup;
			children = (
				8AC5F65FD3BEE0BB25293B8E /* Pods_globalLive.framework */,
			);
			name = Frameworks;
			sourceTree = "<group>";
		};
/* End PBXGroup section */

/* Begin PBXNativeTarget section */
		75B2A2BC1FAEF23C001280D1 /* globalLive */ = {
			isa = PBXNativeTarget;
			buildConfigurationList = 75B2A2D31FAEF23C001280D1 /* Build configuration list for PBXNativeTarget "globalLive" */;
			buildPhases = (
				E6130589286D7FAB091CAF08 /* [CP] Check Pods Manifest.lock */,
				75B2A2B91FAEF23C001280D1 /* Sources */,
				75B2A2BA1FAEF23C001280D1 /* Frameworks */,
				75B2A2BB1FAEF23C001280D1 /* Resources */,
				CC5B85631FF9F5CE318C20C1 /* [CP] Embed Pods Frameworks */,
				5634E49C82B491A439658F4B /* [CP] Copy Pods Resources */,
			);
			buildRules = (
			);
			dependencies = (
			);
			name = globalLive;
			productName = globalLive;
			productReference = 75B2A2BD1FAEF23C001280D1 /* globalLive.app */;
			productType = "com.apple.product-type.application";
		};
/* End PBXNativeTarget section */

/* Begin PBXProject section */
		75B2A2B51FAEF23C001280D1 /* Project object */ = {
			isa = PBXProject;
			attributes = {
				CLASSPREFIX = GL;
				LastUpgradeCheck = 0900;
				ORGANIZATIONNAME = Ryeagle;
				TargetAttributes = {
					75B2A2BC1FAEF23C001280D1 = {
						CreatedOnToolsVersion = 9.0.1;
						ProvisioningStyle = Automatic;
					};
				};
			};
			buildConfigurationList = 75B2A2B81FAEF23C001280D1 /* Build configuration list for PBXProject "globalLive" */;
			compatibilityVersion = "Xcode 8.0";
			developmentRegion = en;
			hasScannedForEncodings = 0;
			knownRegions = (
				en,
				Base,
			);
			mainGroup = 75B2A2B41FAEF23C001280D1;
			productRefGroup = 75B2A2BE1FAEF23C001280D1 /* Products */;
			projectDirPath = "";
			projectRoot = "";
			targets = (
				75B2A2BC1FAEF23C001280D1 /* globalLive */,
			);
		};
/* End PBXProject section */

/* Begin PBXResourcesBuildPhase section */
		75B2A2BB1FAEF23C001280D1 /* Resources */ = {
			isa = PBXResourcesBuildPhase;
			buildActionMask = 2147483647;
			files = (
				75B2A2CD1FAEF23C001280D1 /* LaunchScreen.storyboard in Resources */,
				75B2A2CA1FAEF23C001280D1 /* Assets.xcassets in Resources */,
			);
			runOnlyForDeploymentPostprocessing = 0;
		};
/* End PBXResourcesBuildPhase section */

/* Begin PBXShellScriptBuildPhase section */
		5634E49C82B491A439658F4B /* [CP] Copy Pods Resources */ = {
			isa = PBXShellScriptBuildPhase;
			buildActionMask = 2147483647;
			files = (
			);
			inputPaths = (
			);
			name = "[CP] Copy Pods Resources";
			outputPaths = (
			);
			runOnlyForDeploymentPostprocessing = 0;
			shellPath = /bin/sh;
			shellScript = "\"${SRCROOT}/Pods/Target Support Files/Pods-globalLive/Pods-globalLive-resources.sh\"\n";
			showEnvVarsInLog = 0;
		};
		CC5B85631FF9F5CE318C20C1 /* [CP] Embed Pods Frameworks */ = {
			isa = PBXShellScriptBuildPhase;
			buildActionMask = 2147483647;
			files = (
			);
			inputPaths = (
			);
			name = "[CP] Embed Pods Frameworks";
			outputPaths = (
			);
			runOnlyForDeploymentPostprocessing = 0;
			shellPath = /bin/sh;
			shellScript = "\"${SRCROOT}/Pods/Target Support Files/Pods-globalLive/Pods-globalLive-frameworks.sh\"\n";
			showEnvVarsInLog = 0;
		};
		E6130589286D7FAB091CAF08 /* [CP] Check Pods Manifest.lock */ = {
			isa = PBXShellScriptBuildPhase;
			buildActionMask = 2147483647;
			files = (
			);
			inputPaths = (
			);
			name = "[CP] Check Pods Manifest.lock";
			outputPaths = (
			);
			runOnlyForDeploymentPostprocessing = 0;
			shellPath = /bin/sh;
			shellScript = "diff \"${PODS_ROOT}/../Podfile.lock\" \"${PODS_ROOT}/Manifest.lock\" > /dev/null\nif [ $? != 0 ] ; then\n    # print error to STDERR\n    echo \"error: The sandbox is not in sync with the Podfile.lock. Run 'pod install' or update your CocoaPods installation.\" >&2\n    exit 1\nfi\n";
			showEnvVarsInLog = 0;
		};
/* End PBXShellScriptBuildPhase section */

/* Begin PBXSourcesBuildPhase section */
		75B2A2B91FAEF23C001280D1 /* Sources */ = {
			isa = PBXSourcesBuildPhase;
			buildActionMask = 2147483647;
			files = (
				75C961011FAF0A2000EDB6D4 /* RYLiveManager.m in Sources */,
				75C9610B1FAF0F4200EDB6D4 /* RYUserDefaultManager.m in Sources */,
				75C960F11FAF023100EDB6D4 /* RYFirstViewController.m in Sources */,
				7566BF7F1FB0366D002F5843 /* GLLivePlayView.m in Sources */,
				75C961101FAF3C4D00EDB6D4 /* GLUserDefaultManager.m in Sources */,
				75B2A2D01FAEF23C001280D1 /* main.m in Sources */,
				75C960EE1FAF014800EDB6D4 /* RYMainTabVC.m in Sources */,
				75C960F71FAF024A00EDB6D4 /* RYThirdViewController.m in Sources */,
				75C960F41FAF023C00EDB6D4 /* RYSecondViewController.m in Sources */,
				7566BF7C1FB0019B002F5843 /* GLRotateView.m in Sources */,
				75C960FE1FAF09B000EDB6D4 /* RYLiveViewController.m in Sources */,
				7566BF841FB03851002F5843 /* UIView+Ryeagle.m in Sources */,
				7566BF8A1FB07D19002F5843 /* UIWindow+Ryeagle.m in Sources */,
				75B2A2C21FAEF23C001280D1 /* AppDelegate.m in Sources */,
				7566BF871FB040E3002F5843 /* GLPlayControlView.m in Sources */,
			);
			runOnlyForDeploymentPostprocessing = 0;
		};
/* End PBXSourcesBuildPhase section */

/* Begin PBXVariantGroup section */
		75B2A2CB1FAEF23C001280D1 /* LaunchScreen.storyboard */ = {
			isa = PBXVariantGroup;
			children = (
				75B2A2CC1FAEF23C001280D1 /* Base */,
			);
			name = LaunchScreen.storyboard;
			sourceTree = "<group>";
		};
/* End PBXVariantGroup section */

/* Begin XCBuildConfiguration section */
		75B2A2D11FAEF23C001280D1 /* Debug */ = {
			isa = XCBuildConfiguration;
			buildSettings = {
				ALWAYS_SEARCH_USER_PATHS = NO;
				CLANG_ANALYZER_NONNULL = YES;
				CLANG_ANALYZER_NUMBER_OBJECT_CONVERSION = YES_AGGRESSIVE;
				CLANG_CXX_LANGUAGE_STANDARD = "gnu++14";
				CLANG_CXX_LIBRARY = "libc++";
				CLANG_ENABLE_MODULES = YES;
				CLANG_ENABLE_OBJC_ARC = YES;
				CLANG_WARN_BLOCK_CAPTURE_AUTORELEASING = YES;
				CLANG_WARN_BOOL_CONVERSION = YES;
				CLANG_WARN_COMMA = YES;
				CLANG_WARN_CONSTANT_CONVERSION = YES;
				CLANG_WARN_DIRECT_OBJC_ISA_USAGE = YES_ERROR;
				CLANG_WARN_DOCUMENTATION_COMMENTS = YES;
				CLANG_WARN_EMPTY_BODY = YES;
				CLANG_WARN_ENUM_CONVERSION = YES;
				CLANG_WARN_INFINITE_RECURSION = YES;
				CLANG_WARN_INT_CONVERSION = YES;
				CLANG_WARN_NON_LITERAL_NULL_CONVERSION = YES;
				CLANG_WARN_OBJC_LITERAL_CONVERSION = YES;
				CLANG_WARN_OBJC_ROOT_CLASS = YES_ERROR;
				CLANG_WARN_RANGE_LOOP_ANALYSIS = YES;
				CLANG_WARN_STRICT_PROTOTYPES = YES;
				CLANG_WARN_SUSPICIOUS_MOVE = YES;
				CLANG_WARN_UNGUARDED_AVAILABILITY = YES_AGGRESSIVE;
				CLANG_WARN_UNREACHABLE_CODE = YES;
				CLANG_WARN__DUPLICATE_METHOD_MATCH = YES;
				CODE_SIGN_IDENTITY = "iPhone Developer";
				COPY_PHASE_STRIP = NO;
				DEBUG_INFORMATION_FORMAT = dwarf;
				ENABLE_STRICT_OBJC_MSGSEND = YES;
				ENABLE_TESTABILITY = YES;
				GCC_C_LANGUAGE_STANDARD = gnu11;
				GCC_DYNAMIC_NO_PIC = NO;
				GCC_NO_COMMON_BLOCKS = YES;
				GCC_OPTIMIZATION_LEVEL = 0;
				GCC_PREPROCESSOR_DEFINITIONS = (
					"DEBUG=1",
					"$(inherited)",
				);
				GCC_WARN_64_TO_32_BIT_CONVERSION = YES;
				GCC_WARN_ABOUT_RETURN_TYPE = YES_ERROR;
				GCC_WARN_UNDECLARED_SELECTOR = YES;
				GCC_WARN_UNINITIALIZED_AUTOS = YES_AGGRESSIVE;
				GCC_WARN_UNUSED_FUNCTION = YES;
				GCC_WARN_UNUSED_VARIABLE = YES;
				IPHONEOS_DEPLOYMENT_TARGET = 11.0;
				MTL_ENABLE_DEBUG_INFO = YES;
				ONLY_ACTIVE_ARCH = YES;
				SDKROOT = iphoneos;
			};
			name = Debug;
		};
		75B2A2D21FAEF23C001280D1 /* Release */ = {
			isa = XCBuildConfiguration;
			buildSettings = {
				ALWAYS_SEARCH_USER_PATHS = NO;
				CLANG_ANALYZER_NONNULL = YES;
				CLANG_ANALYZER_NUMBER_OBJECT_CONVERSION = YES_AGGRESSIVE;
				CLANG_CXX_LANGUAGE_STANDARD = "gnu++14";
				CLANG_CXX_LIBRARY = "libc++";
				CLANG_ENABLE_MODULES = YES;
				CLANG_ENABLE_OBJC_ARC = YES;
				CLANG_WARN_BLOCK_CAPTURE_AUTORELEASING = YES;
				CLANG_WARN_BOOL_CONVERSION = YES;
				CLANG_WARN_COMMA = YES;
				CLANG_WARN_CONSTANT_CONVERSION = YES;
				CLANG_WARN_DIRECT_OBJC_ISA_USAGE = YES_ERROR;
				CLANG_WARN_DOCUMENTATION_COMMENTS = YES;
				CLANG_WARN_EMPTY_BODY = YES;
				CLANG_WARN_ENUM_CONVERSION = YES;
				CLANG_WARN_INFINITE_RECURSION = YES;
				CLANG_WARN_INT_CONVERSION = YES;
				CLANG_WARN_NON_LITERAL_NULL_CONVERSION = YES;
				CLANG_WARN_OBJC_LITERAL_CONVERSION = YES;
				CLANG_WARN_OBJC_ROOT_CLASS = YES_ERROR;
				CLANG_WARN_RANGE_LOOP_ANALYSIS = YES;
				CLANG_WARN_STRICT_PROTOTYPES = YES;
				CLANG_WARN_SUSPICIOUS_MOVE = YES;
				CLANG_WARN_UNGUARDED_AVAILABILITY = YES_AGGRESSIVE;
				CLANG_WARN_UNREACHABLE_CODE = YES;
				CLANG_WARN__DUPLICATE_METHOD_MATCH = YES;
				CODE_SIGN_IDENTITY = "iPhone Developer";
				COPY_PHASE_STRIP = NO;
				DEBUG_INFORMATION_FORMAT = "dwarf-with-dsym";
				ENABLE_NS_ASSERTIONS = NO;
				ENABLE_STRICT_OBJC_MSGSEND = YES;
				GCC_C_LANGUAGE_STANDARD = gnu11;
				GCC_NO_COMMON_BLOCKS = YES;
				GCC_WARN_64_TO_32_BIT_CONVERSION = YES;
				GCC_WARN_ABOUT_RETURN_TYPE = YES_ERROR;
				GCC_WARN_UNDECLARED_SELECTOR = YES;
				GCC_WARN_UNINITIALIZED_AUTOS = YES_AGGRESSIVE;
				GCC_WARN_UNUSED_FUNCTION = YES;
				GCC_WARN_UNUSED_VARIABLE = YES;
				IPHONEOS_DEPLOYMENT_TARGET = 11.0;
				MTL_ENABLE_DEBUG_INFO = NO;
				SDKROOT = iphoneos;
				VALIDATE_PRODUCT = YES;
			};
			name = Release;
		};
		75B2A2D41FAEF23C001280D1 /* Debug */ = {
			isa = XCBuildConfiguration;
			baseConfigurationReference = 9E2E55E6614F2D6AE4EA6B47 /* Pods-globalLive.debug.xcconfig */;
			buildSettings = {
				ASSETCATALOG_COMPILER_APPICON_NAME = AppIcon;
				CODE_SIGN_STYLE = Automatic;
				DEVELOPMENT_TEAM = L46G99983Y;
				GCC_PREFIX_HEADER = globalLive/globalLive.pch;
				INFOPLIST_FILE = globalLive/Info.plist;
				IPHONEOS_DEPLOYMENT_TARGET = 8.0;
				LD_RUNPATH_SEARCH_PATHS = "$(inherited) @executable_path/Frameworks";
				PRODUCT_BUNDLE_IDENTIFIER = com.tinfinite.globalLive;
				PRODUCT_NAME = "$(TARGET_NAME)";
				TARGETED_DEVICE_FAMILY = "1,2";
			};
			name = Debug;
		};
		75B2A2D51FAEF23C001280D1 /* Release */ = {
			isa = XCBuildConfiguration;
			baseConfigurationReference = 7FC5705F51C88C896D2ACA86 /* Pods-globalLive.release.xcconfig */;
			buildSettings = {
				ASSETCATALOG_COMPILER_APPICON_NAME = AppIcon;
				CODE_SIGN_STYLE = Automatic;
				DEVELOPMENT_TEAM = L46G99983Y;
				GCC_PREFIX_HEADER = globalLive/globalLive.pch;
				INFOPLIST_FILE = globalLive/Info.plist;
				IPHONEOS_DEPLOYMENT_TARGET = 8.0;
				LD_RUNPATH_SEARCH_PATHS = "$(inherited) @executable_path/Frameworks";
				PRODUCT_BUNDLE_IDENTIFIER = com.tinfinite.globalLive;
				PRODUCT_NAME = "$(TARGET_NAME)";
				TARGETED_DEVICE_FAMILY = "1,2";
			};
			name = Release;
		};
/* End XCBuildConfiguration section */

/* Begin XCConfigurationList section */
		75B2A2B81FAEF23C001280D1 /* Build configuration list for PBXProject "globalLive" */ = {
			isa = XCConfigurationList;
			buildConfigurations = (
				75B2A2D11FAEF23C001280D1 /* Debug */,
				75B2A2D21FAEF23C001280D1 /* Release */,
			);
			defaultConfigurationIsVisible = 0;
			defaultConfigurationName = Release;
		};
		75B2A2D31FAEF23C001280D1 /* Build configuration list for PBXNativeTarget "globalLive" */ = {
			isa = XCConfigurationList;
			buildConfigurations = (
				75B2A2D41FAEF23C001280D1 /* Debug */,
				75B2A2D51FAEF23C001280D1 /* Release */,
			);
			defaultConfigurationIsVisible = 0;
			defaultConfigurationName = Release;
		};
/* End XCConfigurationList section */
	};
	rootObject = 75B2A2B51FAEF23C001280D1 /* Project object */;
}
